// !$*UTF8*$!
{
	archiveVersion = 1;
	classes = {
	};
	objectVersion = 50;
	objects = {

/* Begin PBXBuildFile section */
		72E664CA2171BC6B00FAF136 /* AppDelegate.swift in Sources */ = {isa = PBXBuildFile; fileRef = 72E664C92171BC6B00FAF136 /* AppDelegate.swift */; };
		72E664CC2171BC6B00FAF136 /* art.scnassets in Resources */ = {isa = PBXBuildFile; fileRef = 72E664CB2171BC6B00FAF136 /* art.scnassets */; };
		72E664CE2171BC6B00FAF136 /* ViewController.swift in Sources */ = {isa = PBXBuildFile; fileRef = 72E664CD2171BC6B00FAF136 /* ViewController.swift */; };
		72E664D12171BC6B00FAF136 /* Main.storyboard in Resources */ = {isa = PBXBuildFile; fileRef = 72E664CF2171BC6B00FAF136 /* Main.storyboard */; };
		72E664D32171BC6C00FAF136 /* Assets.xcassets in Resources */ = {isa = PBXBuildFile; fileRef = 72E664D22171BC6C00FAF136 /* Assets.xcassets */; };
		72E664D62171BC6C00FAF136 /* LaunchScreen.storyboard in Resources */ = {isa = PBXBuildFile; fileRef = 72E664D42171BC6C00FAF136 /* LaunchScreen.storyboard */; };
/* End PBXBuildFile section */

/* Begin PBXFileReference section */
		72E664C62171BC6B00FAF136 /* ARFoodFinal.app */ = {isa = PBXFileReference; explicitFileType = wrapper.application; includeInIndex = 0; path = ARFoodFinal.app; sourceTree = BUILT_PRODUCTS_DIR; };
		72E664C92171BC6B00FAF136 /* AppDelegate.swift */ = {isa = PBXFileReference; lastKnownFileType = sourcecode.swift; path = AppDelegate.swift; sourceTree = "<group>"; };
		72E664CB2171BC6B00FAF136 /* art.scnassets */ = {isa = PBXFileReference; lastKnownFileType = wrapper.scnassets; path = art.scnassets; sourceTree = "<group>"; };
		72E664CD2171BC6B00FAF136 /* ViewController.swift */ = {isa = PBXFileReference; lastKnownFileType = sourcecode.swift; path = ViewController.swift; sourceTree = "<group>"; };
		72E664D02171BC6B00FAF136 /* Base */ = {isa = PBXFileReference; lastKnownFileType = file.storyboard; name = Base; path = Base.lproj/Main.storyboard; sourceTree = "<group>"; };
		72E664D22171BC6C00FAF136 /* Assets.xcassets */ = {isa = PBXFileReference; lastKnownFileType = folder.assetcatalog; path = Assets.xcassets; sourceTree = "<group>"; };
		72E664D52171BC6C00FAF136 /* Base */ = {isa = PBXFileReference; lastKnownFileType = file.storyboard; name = Base; path = Base.lproj/LaunchScreen.storyboard; sourceTree = "<group>"; };
		72E664D72171BC6C00FAF136 /* Info.plist */ = {isa = PBXFileReference; lastKnownFileType = text.plist.xml; path = Info.plist; sourceTree = "<group>"; };
/* End PBXFileReference section */

/* Begin PBXFrameworksBuildPhase section */
		72E664C32171BC6B00FAF136 /* Frameworks */ = {
			isa = PBXFrameworksBuildPhase;
			buildActionMask = 2147483647;
			files = (
			);
			runOnlyForDeploymentPostprocessing = 0;
		};
/* End PBXFrameworksBuildPhase section */

/* Begin PBXGroup section */
		72E664BD2171BC6B00FAF136 = {
			isa = PBXGroup;
			children = (
				72E664C82171BC6B00FAF136 /* ARFoodFinal */,
				72E664C72171BC6B00FAF136 /* Products */,
			);
			sourceTree = "<group>";
		};
		72E664C72171BC6B00FAF136 /* Products */ = {
			isa = PBXGroup;
			children = (
				72E664C62171BC6B00FAF136 /* ARFoodFinal.app */,
			);
			name = Products;
			sourceTree = "<group>";
		};
		72E664C82171BC6B00FAF136 /* ARFoodFinal */ = {
			isa = PBXGroup;
			children = (
				72E664C92171BC6B00FAF136 /* AppDelegate.swift */,
				72E664CB2171BC6B00FAF136 /* art.scnassets */,
				72E664CD2171BC6B00FAF136 /* ViewController.swift */,
				72E664CF2171BC6B00FAF136 /* Main.storyboard */,
				72E664D22171BC6C00FAF136 /* Assets.xcassets */,
				72E664D42171BC6C00FAF136 /* LaunchScreen.storyboard */,
				72E664D72171BC6C00FAF136 /* Info.plist */,
			);
			path = ARFoodFinal;
			sourceTree = "<group>";
		};
/* End PBXGroup section */

/* Begin PBXNativeTarget section */
		72E664C52171BC6B00FAF136 /* ARFoodFinal */ = {
			isa = PBXNativeTarget;
			buildConfigurationList = 72E664DA2171BC6C00FAF136 /* Build configuration list for PBXNativeTarget "ARFoodFinal" */;
			buildPhases = (
				72E664C22171BC6B00FAF136 /* Sources */,
				72E664C32171BC6B00FAF136 /* Frameworks */,
				72E664C42171BC6B00FAF136 /* Resources */,
			);
			buildRules = (
			);
			dependencies = (
			);
			name = ARFoodFinal;
			productName = ARFoodFinal;
			productReference = 72E664C62171BC6B00FAF136 /* ARFoodFinal.app */;
			productType = "com.apple.product-type.application";
		};
/* End PBXNativeTarget section */

/* Begin PBXProject section */
		72E664BE2171BC6B00FAF136 /* Project object */ = {
			isa = PBXProject;
			attributes = {
				LastSwiftUpdateCheck = 1000;
				LastUpgradeCheck = 1000;
				ORGANIZATIONNAME = "Koushan Korouei";
				TargetAttributes = {
					72E664C52171BC6B00FAF136 = {
						CreatedOnToolsVersion = 10.0;
					};
				};
			};
			buildConfigurationList = 72E664C12171BC6B00FAF136 /* Build configuration list for PBXProject "ARFoodFinal" */;
			compatibilityVersion = "Xcode 9.3";
			developmentRegion = en;
			hasScannedForEncodings = 0;
			knownRegions = (
				en,
				Base,
			);
			mainGroup = 72E664BD2171BC6B00FAF136;
			productRefGroup = 72E664C72171BC6B00FAF136 /* Products */;
			projectDirPath = "";
			projectRoot = "";
			targets = (
				72E664C52171BC6B00FAF136 /* ARFoodFinal */,
			);
		};
/* End PBXProject section */

/* Begin PBXResourcesBuildPhase section */
		72E664C42171BC6B00FAF136 /* Resources */ = {
			isa = PBXResourcesBuildPhase;
			buildActionMask = 2147483647;
			files = (
				72E664CC2171BC6B00FAF136 /* art.scnassets in Resources */,
				72E664D62171BC6C00FAF136 /* LaunchScreen.storyboard in Resources */,
				72E664D32171BC6C00FAF136 /* Assets.xcassets in Resources */,
				72E664D12171BC6B00FAF136 /* Main.storyboard in Resources */,
			);
			runOnlyForDeploymentPostprocessing = 0;
		};
/* End PBXResourcesBuildPhase section */

/* Begin PBXSourcesBuildPhase section */
		72E664C22171BC6B00FAF136 /* Sources */ = {
			isa = PBXSourcesBuildPhase;
			buildActionMask = 2147483647;
			files = (
				72E664CE2171BC6B00FAF136 /* ViewController.swift in Sources */,
				72E664CA2171BC6B00FAF136 /* AppDelegate.swift in Sources */,
			);
			runOnlyForDeploymentPostprocessing = 0;
		};
/* End PBXSourcesBuildPhase section */

/* Begin PBXVariantGroup section */
		72E664CF2171BC6B00FAF136 /* Main.storyboard */ = {
			isa = PBXVariantGroup;
			children = (
				72E664D02171BC6B00FAF136 /* Base */,
			);
			name = Main.storyboard;
			sourceTree = "<group>";
		};
		72E664D42171BC6C00FAF136 /* LaunchScreen.storyboard */ = {
			isa = PBXVariantGroup;
			children = (
				72E664D52171BC6C00FAF136 /* Base */,
			);
			name = LaunchScreen.storyboard;
			sourceTree = "<group>";
		};
/* End PBXVariantGroup section */

/* Begin XCBuildConfiguration section */
		72E664D82171BC6C00FAF136 /* Debug */ = {
			isa = XCBuildConfiguration;
			buildSettings = {
				ALWAYS_SEARCH_USER_PATHS = NO;
				CLANG_ANALYZER_NONNULL = YES;
				CLANG_ANALYZER_NUMBER_OBJECT_CONVERSION = YES_AGGRESSIVE;
				CLANG_CXX_LANGUAGE_STANDARD = "gnu++14";
				CLANG_CXX_LIBRARY = "libc++";
				CLANG_ENABLE_MODULES = YES;
				CLANG_ENABLE_OBJC_ARC = YES;
				CLANG_ENABLE_OBJC_WEAK = YES;
				CLANG_WARN_BLOCK_CAPTURE_AUTORELEASING = YES;
				CLANG_WARN_BOOL_CONVERSION = YES;
				CLANG_WARN_COMMA = YES;
				CLANG_WARN_CONSTANT_CONVERSION = YES;
				CLANG_WARN_DEPRECATED_OBJC_IMPLEMENTATIONS = YES;
				CLANG_WARN_DIRECT_OBJC_ISA_USAGE = YES_ERROR;
				CLANG_WARN_DOCUMENTATION_COMMENTS = YES;
				CLANG_WARN_EMPTY_BODY = YES;
				CLANG_WARN_ENUM_CONVERSION = YES;
				CLANG_WARN_INFINITE_RECURSION = YES;
				CLANG_WARN_INT_CONVERSION = YES;
				CLANG_WARN_NON_LITERAL_NULL_CONVERSION = YES;
				CLANG_WARN_OBJC_IMPLICIT_RETAIN_SELF = YES;
				CLANG_WARN_OBJC_LITERAL_CONVERSION = YES;
				CLANG_WARN_OBJC_ROOT_CLASS = YES_ERROR;
				CLANG_WARN_RANGE_LOOP_ANALYSIS = YES;
				CLANG_WARN_STRICT_PROTOTYPES = YES;
				CLANG_WARN_SUSPICIOUS_MOVE = YES;
				CLANG_WARN_UNGUARDED_AVAILABILITY = YES_AGGRESSIVE;
				CLANG_WARN_UNREACHABLE_CODE = YES;
				CLANG_WARN__DUPLICATE_METHOD_MATCH = YES;
				CODE_SIGN_IDENTITY = "iPhone Developer";
				COPY_PHASE_STRIP = NO;
				DEBUG_INFORMATION_FORMAT = dwarf;
				ENABLE_STRICT_OBJC_MSGSEND = YES;
				ENABLE_TESTABILITY = YES;
				GCC_C_LANGUAGE_STANDARD = gnu11;
				GCC_DYNAMIC_NO_PIC = NO;
				GCC_NO_COMMON_BLOCKS = YES;
				GCC_OPTIMIZATION_LEVEL = 0;
				GCC_PREPROCESSOR_DEFINITIONS = (
					"DEBUG=1",
					"$(inherited)",
				);
				GCC_WARN_64_TO_32_BIT_CONVERSION = YES;
				GCC_WARN_ABOUT_RETURN_TYPE = YES_ERROR;
				GCC_WARN_UNDECLARED_SELECTOR = YES;
				GCC_WARN_UNINITIALIZED_AUTOS = YES_AGGRESSIVE;
				GCC_WARN_UNUSED_FUNCTION = YES;
				GCC_WARN_UNUSED_VARIABLE = YES;
				IPHONEOS_DEPLOYMENT_TARGET = 12.0;
				MTL_ENABLE_DEBUG_INFO = INCLUDE_SOURCE;
				MTL_FAST_MATH = YES;
				ONLY_ACTIVE_ARCH = YES;
				SDKROOT = iphoneos;
				SWIFT_ACTIVE_COMPILATION_CONDITIONS = DEBUG;
				SWIFT_OPTIMIZATION_LEVEL = "-Onone";
			};
			name = Debug;
		};
		72E664D92171BC6C00FAF136 /* Release */ = {
			isa = XCBuildConfiguration;
			buildSettings = {
				ALWAYS_SEARCH_USER_PATHS = NO;
				CLANG_ANALYZER_NONNULL = YES;
				CLANG_ANALYZER_NUMBER_OBJECT_CONVERSION = YES_AGGRESSIVE;
				CLANG_CXX_LANGUAGE_STANDARD = "gnu++14";
				CLANG_CXX_LIBRARY = "libc++";
				CLANG_ENABLE_MODULES = YES;
				CLANG_ENABLE_OBJC_ARC = YES;
				CLANG_ENABLE_OBJC_WEAK = YES;
				CLANG_WARN_BLOCK_CAPTURE_AUTORELEASING = YES;
				CLANG_WARN_BOOL_CONVERSION = YES;
				CLANG_WARN_COMMA = YES;
				CLANG_WARN_CONSTANT_CONVERSION = YES;
				CLANG_WARN_DEPRECATED_OBJC_IMPLEMENTATIONS = YES;
				CLANG_WARN_DIRECT_OBJC_ISA_USAGE = YES_ERROR;
				CLANG_WARN_DOCUMENTATION_COMMENTS = YES;
				CLANG_WARN_EMPTY_BODY = YES;
				CLANG_WARN_ENUM_CONVERSION = YES;
				CLANG_WARN_INFINITE_RECURSION = YES;
				CLANG_WARN_INT_CONVERSION = YES;
				CLANG_WARN_NON_LITERAL_NULL_CONVERSION = YES;
				CLANG_WARN_OBJC_IMPLICIT_RETAIN_SELF = YES;
				CLANG_WARN_OBJC_LITERAL_CONVERSION = YES;
				CLANG_WARN_OBJC_ROOT_CLASS = YES_ERROR;
				CLANG_WARN_RANGE_LOOP_ANALYSIS = YES;
				CLANG_WARN_STRICT_PROTOTYPES = YES;
				CLANG_WARN_SUSPICIOUS_MOVE = YES;
				CLANG_WARN_UNGUARDED_AVAILABILITY = YES_AGGRESSIVE;
				CLANG_WARN_UNREACHABLE_CODE = YES;
				CLANG_WARN__DUPLICATE_METHOD_MATCH = YES;
				CODE_SIGN_IDENTITY = "iPhone Developer";
				COPY_PHASE_STRIP = NO;
				DEBUG_INFORMATION_FORMAT = "dwarf-with-dsym";
				ENABLE_NS_ASSERTIONS = NO;
				ENABLE_STRICT_OBJC_MSGSEND = YES;
				GCC_C_LANGUAGE_STANDARD = gnu11;
				GCC_NO_COMMON_BLOCKS = YES;
				GCC_WARN_64_TO_32_BIT_CONVERSION = YES;
				GCC_WARN_ABOUT_RETURN_TYPE = YES_ERROR;
				GCC_WARN_UNDECLARED_SELECTOR = YES;
				GCC_WARN_UNINITIALIZED_AUTOS = YES_AGGRESSIVE;
				GCC_WARN_UNUSED_FUNCTION = YES;
				GCC_WARN_UNUSED_VARIABLE = YES;
				IPHONEOS_DEPLOYMENT_TARGET = 12.0;
				MTL_ENABLE_DEBUG_INFO = NO;
				MTL_FAST_MATH = YES;
				SDKROOT = iphoneos;
				SWIFT_COMPILATION_MODE = wholemodule;
				SWIFT_OPTIMIZATION_LEVEL = "-O";
				VALIDATE_PRODUCT = YES;
			};
			name = Release;
		};
		72E664DB2171BC6C00FAF136 /* Debug */ = {
			isa = XCBuildConfiguration;
			buildSettings = {
				ASSETCATALOG_COMPILER_APPICON_NAME = AppIcon;
				CODE_SIGN_STYLE = Automatic;
				DEVELOPMENT_TEAM = R7ZVS3ML7R;
				INFOPLIST_FILE = ARFoodFinal/Info.plist;
				LD_RUNPATH_SEARCH_PATHS = (
					"$(inherited)",
					"@executable_path/Frameworks",
				);
				PRODUCT_BUNDLE_IDENTIFIER = com.kk.ARFoodFinal;
				PRODUCT_NAME = "$(TARGET_NAME)";
				SWIFT_VERSION = 4.2;
				TARGETED_DEVICE_FAMILY = "1,2";
			};
			name = Debug;
		};
		72E664DC2171BC6C00FAF136 /* Release */ = {
			isa = XCBuildConfiguration;
			buildSettings = {
				ASSETCATALOG_COMPILER_APPICON_NAME = AppIcon;
				CODE_SIGN_STYLE = Automatic;
				DEVELOPMENT_TEAM = R7ZVS3ML7R;
				INFOPLIST_FILE = ARFoodFinal/Info.plist;
				LD_RUNPATH_SEARCH_PATHS = (
					"$(inherited)",
					"@executable_path/Frameworks",
				);
				PRODUCT_BUNDLE_IDENTIFIER = com.kk.ARFoodFinal;
				PRODUCT_NAME = "$(TARGET_NAME)";
				SWIFT_VERSION = 4.2;
				TARGETED_DEVICE_FAMILY = "1,2";
			};
			name = Release;
		};
/* End XCBuildConfiguration section */

/* Begin XCConfigurationList section */
		72E664C12171BC6B00FAF136 /* Build configuration list for PBXProject "ARFoodFinal" */ = {
			isa = XCConfigurationList;
			buildConfigurations = (
				72E664D82171BC6C00FAF136 /* Debug */,
				72E664D92171BC6C00FAF136 /* Release */,
			);
			defaultConfigurationIsVisible = 0;
			defaultConfigurationName = Release;
		};
		72E664DA2171BC6C00FAF136 /* Build configuration list for PBXNativeTarget "ARFoodFinal" */ = {
			isa = XCConfigurationList;
			buildConfigurations = (
				72E664DB2171BC6C00FAF136 /* Debug */,
				72E664DC2171BC6C00FAF136 /* Release */,
			);
			defaultConfigurationIsVisible = 0;
			defaultConfigurationName = Release;
		};
/* End XCConfigurationList section */
	};
	rootObject = 72E664BE2171BC6B00FAF136 /* Project object */;
}
